
Microsoft Visual Studio Solution File, Format Version 12.00
# Visual Studio Version 16
VisualStudioVersion = 25.0.1706.9
MinimumVisualStudioVersion = 10.0.40219.1
Project("{FAE04EC0-301F-11D3-BF4B-00C04F79EFBC}") = "QRMenuAPI", "QRMenuAPI\QRMenuAPI.csproj", "{9CFFDEE8-0FFF-42CD-9A5B-C717CB5E516A}"
EndProject
Global
	GlobalSection(SolutionConfigurationPlatforms) = preSolution
		Debug|Any CPU = Debug|Any CPU
		Release|Any CPU = Release|Any CPU
	EndGlobalSection
	GlobalSection(ProjectConfigurationPlatforms) = postSolution
		{9CFFDEE8-0FFF-42CD-9A5B-C717CB5E516A}.Debug|Any CPU.ActiveCfg = Debug|Any CPU
		{9CFFDEE8-0FFF-42CD-9A5B-C717CB5E516A}.Debug|Any CPU.Build.0 = Debug|Any CPU
		{9CFFDEE8-0FFF-42CD-9A5B-C717CB5E516A}.Release|Any CPU.ActiveCfg = Release|Any CPU
		{9CFFDEE8-0FFF-42CD-9A5B-C717CB5E516A}.Release|Any CPU.Build.0 = Release|Any CPU
	EndGlobalSection
	GlobalSection(SolutionProperties) = preSolution
		HideSolutionNode = FALSE
	EndGlobalSection
	GlobalSection(ExtensibilityGlobals) = postSolution
		SolutionGuid = {34706CED-63D7-4853-AF45-1FE95E55E85F}
	EndGlobalSection
EndGlobal
